{
  "lockfileVersion": 1,
  "configVersion": 0,
  "workspaces": {
    "": {
      "dependencies": {
        "bcryptjs": "^3.0.3",
      },
    },
  },
  "packages": {
    "bcryptjs": ["bcryptjs@3.0.3", "", { "bin": { "bcrypt": "bin/bcrypt" } }, "sha512-GlF5wPWnSa/X5LKM1o0wz0suXIINz1iHRLvTS+sLyi7XPbe5ycmYI3DlZqVGZZtDgl4DmasFg7gOB3JYbphV5g=="],
  }
}
